
Microsoft Visual Studio Solution File, Format Version 12.00
# Visual Studio Version 17
VisualStudioVersion = 17.7.34018.315
MinimumVisualStudioVersion = 10.0.40219.1
Project("{FAE04EC0-301F-11D3-BF4B-00C04F79EFBC}") = "Cliente", "Cliente\Cliente.csproj", "{1EC3700C-2529-49AD-B66D-F7A76FC2CC5B}"
EndProject
Global
	GlobalSection(SolutionConfigurationPlatforms) = preSolution
		Debug|Any CPU = Debug|Any CPU
		Release|Any CPU = Release|Any CPU
	EndGlobalSection
	GlobalSection(ProjectConfigurationPlatforms) = postSolution
		{1EC3700C-2529-49AD-B66D-F7A76FC2CC5B}.Debug|Any CPU.ActiveCfg = Debug|Any CPU
		{1EC3700C-2529-49AD-B66D-F7A76FC2CC5B}.Debug|Any CPU.Build.0 = Debug|Any CPU
		{1EC3700C-2529-49AD-B66D-F7A76FC2CC5B}.Release|Any CPU.ActiveCfg = Release|Any CPU
		{1EC3700C-2529-49AD-B66D-F7A76FC2CC5B}.Release|Any CPU.Build.0 = Release|Any CPU
	EndGlobalSection
	GlobalSection(SolutionProperties) = preSolution
		HideSolutionNode = FALSE
	EndGlobalSection
	GlobalSection(ExtensibilityGlobals) = postSolution
		SolutionGuid = {04182D94-3EE9-493F-91DF-720CDFB382DD}
	EndGlobalSection
EndGlobal
